// !$*UTF8*$!
{
	archiveVersion = 1;
	classes = {
	};
	objectVersion = 56;
	objects = {

/* Begin PBXBuildFile section */
		775992B26A49DE8268F85F28 /* Pods_TCA_Concurrency_App.framework in Frameworks */ = {isa = PBXBuildFile; fileRef = 405B90DBDC1EAAA684B2DE35 /* Pods_TCA_Concurrency_App.framework */; };
		8339ADE52D59F0CA0066D126 /* CounterFeature.swift in Sources */ = {isa = PBXBuildFile; fileRef = 8339ADE42D59F0CA0066D126 /* CounterFeature.swift */; };
		836D0C6A2D5CEC9100952BE6 /* LearningMemo.swift in Sources */ = {isa = PBXBuildFile; fileRef = 836D0C692D5CEC9000952BE6 /* LearningMemo.swift */; };
		8375C72A2D3E38FD005118AC /* TCA_Concurrency_AppApp.swift in Sources */ = {isa = PBXBuildFile; fileRef = 8375C7292D3E38FD005118AC /* TCA_Concurrency_AppApp.swift */; };
		8375C72C2D3E38FD005118AC /* ContentView.swift in Sources */ = {isa = PBXBuildFile; fileRef = 8375C72B2D3E38FD005118AC /* ContentView.swift */; };
		8375C72E2D3E38FF005118AC /* Assets.xcassets in Resources */ = {isa = PBXBuildFile; fileRef = 8375C72D2D3E38FF005118AC /* Assets.xcassets */; };
		8375C7312D3E38FF005118AC /* Preview Assets.xcassets in Resources */ = {isa = PBXBuildFile; fileRef = 8375C7302D3E38FF005118AC /* Preview Assets.xcassets */; };
		83C1C1032D5B85EE00E1EB33 /* CounterView.swift in Sources */ = {isa = PBXBuildFile; fileRef = 83C1C1022D5B85E100E1EB33 /* CounterView.swift */; };
		83E9C15B2D43D87B00ED2090 /* ComposableArchitecture in Frameworks */ = {isa = PBXBuildFile; productRef = 83E9C15A2D43D87B00ED2090 /* ComposableArchitecture */; };
/* End PBXBuildFile section */

/* Begin PBXFileReference section */
		405B90DBDC1EAAA684B2DE35 /* Pods_TCA_Concurrency_App.framework */ = {isa = PBXFileReference; explicitFileType = wrapper.framework; includeInIndex = 0; path = Pods_TCA_Concurrency_App.framework; sourceTree = BUILT_PRODUCTS_DIR; };
		750EEAC6DB66E9A583E3A947 /* Pods-TCA-Concurrency-App.release.xcconfig */ = {isa = PBXFileReference; includeInIndex = 1; lastKnownFileType = text.xcconfig; name = "Pods-TCA-Concurrency-App.release.xcconfig"; path = "Target Support Files/Pods-TCA-Concurrency-App/Pods-TCA-Concurrency-App.release.xcconfig"; sourceTree = "<group>"; };
		8339ADE42D59F0CA0066D126 /* CounterFeature.swift */ = {isa = PBXFileReference; lastKnownFileType = sourcecode.swift; path = CounterFeature.swift; sourceTree = "<group>"; };
		836D0C692D5CEC9000952BE6 /* LearningMemo.swift */ = {isa = PBXFileReference; lastKnownFileType = sourcecode.swift; path = LearningMemo.swift; sourceTree = "<group>"; };
		8375C7262D3E38FD005118AC /* TCA-Concurrency-App.app */ = {isa = PBXFileReference; explicitFileType = wrapper.application; includeInIndex = 0; path = "TCA-Concurrency-App.app"; sourceTree = BUILT_PRODUCTS_DIR; };
		8375C7292D3E38FD005118AC /* TCA_Concurrency_AppApp.swift */ = {isa = PBXFileReference; lastKnownFileType = sourcecode.swift; path = TCA_Concurrency_AppApp.swift; sourceTree = "<group>"; };
		8375C72B2D3E38FD005118AC /* ContentView.swift */ = {isa = PBXFileReference; lastKnownFileType = sourcecode.swift; path = ContentView.swift; sourceTree = "<group>"; };
		8375C72D2D3E38FF005118AC /* Assets.xcassets */ = {isa = PBXFileReference; lastKnownFileType = folder.assetcatalog; path = Assets.xcassets; sourceTree = "<group>"; };
		8375C7302D3E38FF005118AC /* Preview Assets.xcassets */ = {isa = PBXFileReference; lastKnownFileType = folder.assetcatalog; path = "Preview Assets.xcassets"; sourceTree = "<group>"; };
		83C1C1022D5B85E100E1EB33 /* CounterView.swift */ = {isa = PBXFileReference; lastKnownFileType = sourcecode.swift; path = CounterView.swift; sourceTree = "<group>"; };
		A881B907F1A1E76DD2227319 /* Pods-TCA-Concurrency-App.debug.xcconfig */ = {isa = PBXFileReference; includeInIndex = 1; lastKnownFileType = text.xcconfig; name = "Pods-TCA-Concurrency-App.debug.xcconfig"; path = "Target Support Files/Pods-TCA-Concurrency-App/Pods-TCA-Concurrency-App.debug.xcconfig"; sourceTree = "<group>"; };
/* End PBXFileReference section */

/* Begin PBXFrameworksBuildPhase section */
		8375C7232D3E38FD005118AC /* Frameworks */ = {
			isa = PBXFrameworksBuildPhase;
			buildActionMask = 2147483647;
			files = (
				83E9C15B2D43D87B00ED2090 /* ComposableArchitecture in Frameworks */,
				775992B26A49DE8268F85F28 /* Pods_TCA_Concurrency_App.framework in Frameworks */,
			);
			runOnlyForDeploymentPostprocessing = 0;
		};
/* End PBXFrameworksBuildPhase section */

/* Begin PBXGroup section */
		569E7DFBEE9CBE9D510D98E7 /* Pods */ = {
			isa = PBXGroup;
			children = (
				A881B907F1A1E76DD2227319 /* Pods-TCA-Concurrency-App.debug.xcconfig */,
				750EEAC6DB66E9A583E3A947 /* Pods-TCA-Concurrency-App.release.xcconfig */,
			);
			path = Pods;
			sourceTree = "<group>";
		};
		8375C71D2D3E38FD005118AC = {
			isa = PBXGroup;
			children = (
				8375C7282D3E38FD005118AC /* TCA-Concurrency-App */,
				8375C7272D3E38FD005118AC /* Products */,
				569E7DFBEE9CBE9D510D98E7 /* Pods */,
				AA74A5290F70D66BFD049E05 /* Frameworks */,
			);
			sourceTree = "<group>";
		};
		8375C7272D3E38FD005118AC /* Products */ = {
			isa = PBXGroup;
			children = (
				8375C7262D3E38FD005118AC /* TCA-Concurrency-App.app */,
			);
			name = Products;
			sourceTree = "<group>";
		};
		8375C7282D3E38FD005118AC /* TCA-Concurrency-App */ = {
			isa = PBXGroup;
			children = (
				8375C7292D3E38FD005118AC /* TCA_Concurrency_AppApp.swift */,
				8375C72B2D3E38FD005118AC /* ContentView.swift */,
				8339ADE42D59F0CA0066D126 /* CounterFeature.swift */,
				83C1C1022D5B85E100E1EB33 /* CounterView.swift */,
				836D0C692D5CEC9000952BE6 /* LearningMemo.swift */,
				8375C72D2D3E38FF005118AC /* Assets.xcassets */,
				8375C72F2D3E38FF005118AC /* Preview Content */,
			);
			path = "TCA-Concurrency-App";
			sourceTree = "<group>";
		};
		8375C72F2D3E38FF005118AC /* Preview Content */ = {
			isa = PBXGroup;
			children = (
				8375C7302D3E38FF005118AC /* Preview Assets.xcassets */,
			);
			path = "Preview Content";
			sourceTree = "<group>";
		};
		AA74A5290F70D66BFD049E05 /* Frameworks */ = {
			isa = PBXGroup;
			children = (
				405B90DBDC1EAAA684B2DE35 /* Pods_TCA_Concurrency_App.framework */,
			);
			name = Frameworks;
			sourceTree = "<group>";
		};
/* End PBXGroup section */

/* Begin PBXNativeTarget section */
		8375C7252D3E38FD005118AC /* TCA-Concurrency-App */ = {
			isa = PBXNativeTarget;
			buildConfigurationList = 8375C7342D3E38FF005118AC /* Build configuration list for PBXNativeTarget "TCA-Concurrency-App" */;
			buildPhases = (
				3E66BDF933C9B99BA6A360CC /* [CP] Check Pods Manifest.lock */,
				8375C7222D3E38FD005118AC /* Sources */,
				8375C7232D3E38FD005118AC /* Frameworks */,
				8375C7242D3E38FD005118AC /* Resources */,
			);
			buildRules = (
			);
			dependencies = (
			);
			name = "TCA-Concurrency-App";
			packageProductDependencies = (
				83E9C15A2D43D87B00ED2090 /* ComposableArchitecture */,
			);
			productName = "TCA-Concurrency-App";
			productReference = 8375C7262D3E38FD005118AC /* TCA-Concurrency-App.app */;
			productType = "com.apple.product-type.application";
		};
/* End PBXNativeTarget section */

/* Begin PBXProject section */
		8375C71E2D3E38FD005118AC /* Project object */ = {
			isa = PBXProject;
			attributes = {
				BuildIndependentTargetsInParallel = 1;
				LastSwiftUpdateCheck = 1540;
				LastUpgradeCheck = 1540;
				TargetAttributes = {
					8375C7252D3E38FD005118AC = {
						CreatedOnToolsVersion = 15.4;
					};
				};
			};
			buildConfigurationList = 8375C7212D3E38FD005118AC /* Build configuration list for PBXProject "TCA-Concurrency-App" */;
			compatibilityVersion = "Xcode 14.0";
			developmentRegion = en;
			hasScannedForEncodings = 0;
			knownRegions = (
				en,
				Base,
			);
			mainGroup = 8375C71D2D3E38FD005118AC;
			packageReferences = (
				83E9C1592D43D87B00ED2090 /* XCRemoteSwiftPackageReference "swift-composable-architecture" */,
			);
			productRefGroup = 8375C7272D3E38FD005118AC /* Products */;
			projectDirPath = "";
			projectRoot = "";
			targets = (
				8375C7252D3E38FD005118AC /* TCA-Concurrency-App */,
			);
		};
/* End PBXProject section */

/* Begin PBXResourcesBuildPhase section */
		8375C7242D3E38FD005118AC /* Resources */ = {
			isa = PBXResourcesBuildPhase;
			buildActionMask = 2147483647;
			files = (
				8375C7312D3E38FF005118AC /* Preview Assets.xcassets in Resources */,
				8375C72E2D3E38FF005118AC /* Assets.xcassets in Resources */,
			);
			runOnlyForDeploymentPostprocessing = 0;
		};
/* End PBXResourcesBuildPhase section */

/* Begin PBXShellScriptBuildPhase section */
		3E66BDF933C9B99BA6A360CC /* [CP] Check Pods Manifest.lock */ = {
			isa = PBXShellScriptBuildPhase;
			buildActionMask = 2147483647;
			files = (
			);
			inputFileListPaths = (
			);
			inputPaths = (
				"${PODS_PODFILE_DIR_PATH}/Podfile.lock",
				"${PODS_ROOT}/Manifest.lock",
			);
			name = "[CP] Check Pods Manifest.lock";
			outputFileListPaths = (
			);
			outputPaths = (
				"$(DERIVED_FILE_DIR)/Pods-TCA-Concurrency-App-checkManifestLockResult.txt",
			);
			runOnlyForDeploymentPostprocessing = 0;
			shellPath = /bin/sh;
			shellScript = "diff \"${PODS_PODFILE_DIR_PATH}/Podfile.lock\" \"${PODS_ROOT}/Manifest.lock\" > /dev/null\nif [ $? != 0 ] ; then\n    # print error to STDERR\n    echo \"error: The sandbox is not in sync with the Podfile.lock. Run 'pod install' or update your CocoaPods installation.\" >&2\n    exit 1\nfi\n# This output is used by Xcode 'outputs' to avoid re-running this script phase.\necho \"SUCCESS\" > \"${SCRIPT_OUTPUT_FILE_0}\"\n";
			showEnvVarsInLog = 0;
		};
/* End PBXShellScriptBuildPhase section */

/* Begin PBXSourcesBuildPhase section */
		8375C7222D3E38FD005118AC /* Sources */ = {
			isa = PBXSourcesBuildPhase;
			buildActionMask = 2147483647;
			files = (
				836D0C6A2D5CEC9100952BE6 /* LearningMemo.swift in Sources */,
				8339ADE52D59F0CA0066D126 /* CounterFeature.swift in Sources */,
				8375C72C2D3E38FD005118AC /* ContentView.swift in Sources */,
				8375C72A2D3E38FD005118AC /* TCA_Concurrency_AppApp.swift in Sources */,
				83C1C1032D5B85EE00E1EB33 /* CounterView.swift in Sources */,
			);
			runOnlyForDeploymentPostprocessing = 0;
		};
/* End PBXSourcesBuildPhase section */

/* Begin XCBuildConfiguration section */
		8375C7322D3E38FF005118AC /* Debug */ = {
			isa = XCBuildConfiguration;
			buildSettings = {
				ALWAYS_SEARCH_USER_PATHS = NO;
				ASSETCATALOG_COMPILER_GENERATE_SWIFT_ASSET_SYMBOL_EXTENSIONS = YES;
				CLANG_ANALYZER_NONNULL = YES;
				CLANG_ANALYZER_NUMBER_OBJECT_CONVERSION = YES_AGGRESSIVE;
				CLANG_CXX_LANGUAGE_STANDARD = "gnu++20";
				CLANG_ENABLE_MODULES = YES;
				CLANG_ENABLE_OBJC_ARC = YES;
				CLANG_ENABLE_OBJC_WEAK = YES;
				CLANG_WARN_BLOCK_CAPTURE_AUTORELEASING = YES;
				CLANG_WARN_BOOL_CONVERSION = YES;
				CLANG_WARN_COMMA = YES;
				CLANG_WARN_CONSTANT_CONVERSION = YES;
				CLANG_WARN_DEPRECATED_OBJC_IMPLEMENTATIONS = YES;
				CLANG_WARN_DIRECT_OBJC_ISA_USAGE = YES_ERROR;
				CLANG_WARN_DOCUMENTATION_COMMENTS = YES;
				CLANG_WARN_EMPTY_BODY = YES;
				CLANG_WARN_ENUM_CONVERSION = YES;
				CLANG_WARN_INFINITE_RECURSION = YES;
				CLANG_WARN_INT_CONVERSION = YES;
				CLANG_WARN_NON_LITERAL_NULL_CONVERSION = YES;
				CLANG_WARN_OBJC_IMPLICIT_RETAIN_SELF = YES;
				CLANG_WARN_OBJC_LITERAL_CONVERSION = YES;
				CLANG_WARN_OBJC_ROOT_CLASS = YES_ERROR;
				CLANG_WARN_QUOTED_INCLUDE_IN_FRAMEWORK_HEADER = YES;
				CLANG_WARN_RANGE_LOOP_ANALYSIS = YES;
				CLANG_WARN_STRICT_PROTOTYPES = YES;
				CLANG_WARN_SUSPICIOUS_MOVE = YES;
				CLANG_WARN_UNGUARDED_AVAILABILITY = YES_AGGRESSIVE;
				CLANG_WARN_UNREACHABLE_CODE = YES;
				CLANG_WARN__DUPLICATE_METHOD_MATCH = YES;
				COPY_PHASE_STRIP = NO;
				DEBUG_INFORMATION_FORMAT = dwarf;
				ENABLE_STRICT_OBJC_MSGSEND = YES;
				ENABLE_TESTABILITY = YES;
				ENABLE_USER_SCRIPT_SANDBOXING = YES;
				GCC_C_LANGUAGE_STANDARD = gnu17;
				GCC_DYNAMIC_NO_PIC = NO;
				GCC_NO_COMMON_BLOCKS = YES;
				GCC_OPTIMIZATION_LEVEL = 0;
				GCC_PREPROCESSOR_DEFINITIONS = (
					"DEBUG=1",
					"$(inherited)",
				);
				GCC_WARN_64_TO_32_BIT_CONVERSION = YES;
				GCC_WARN_ABOUT_RETURN_TYPE = YES_ERROR;
				GCC_WARN_UNDECLARED_SELECTOR = YES;
				GCC_WARN_UNINITIALIZED_AUTOS = YES_AGGRESSIVE;
				GCC_WARN_UNUSED_FUNCTION = YES;
				GCC_WARN_UNUSED_VARIABLE = YES;
				IPHONEOS_DEPLOYMENT_TARGET = 17.5;
				LOCALIZATION_PREFERS_STRING_CATALOGS = YES;
				MTL_ENABLE_DEBUG_INFO = INCLUDE_SOURCE;
				MTL_FAST_MATH = YES;
				ONLY_ACTIVE_ARCH = YES;
				SDKROOT = iphoneos;
				SWIFT_ACTIVE_COMPILATION_CONDITIONS = "DEBUG $(inherited)";
				SWIFT_OPTIMIZATION_LEVEL = "-Onone";
			};
			name = Debug;
		};
		8375C7332D3E38FF005118AC /* Release */ = {
			isa = XCBuildConfiguration;
			buildSettings = {
				ALWAYS_SEARCH_USER_PATHS = NO;
				ASSETCATALOG_COMPILER_GENERATE_SWIFT_ASSET_SYMBOL_EXTENSIONS = YES;
				CLANG_ANALYZER_NONNULL = YES;
				CLANG_ANALYZER_NUMBER_OBJECT_CONVERSION = YES_AGGRESSIVE;
				CLANG_CXX_LANGUAGE_STANDARD = "gnu++20";
				CLANG_ENABLE_MODULES = YES;
				CLANG_ENABLE_OBJC_ARC = YES;
				CLANG_ENABLE_OBJC_WEAK = YES;
				CLANG_WARN_BLOCK_CAPTURE_AUTORELEASING = YES;
				CLANG_WARN_BOOL_CONVERSION = YES;
				CLANG_WARN_COMMA = YES;
				CLANG_WARN_CONSTANT_CONVERSION = YES;
				CLANG_WARN_DEPRECATED_OBJC_IMPLEMENTATIONS = YES;
				CLANG_WARN_DIRECT_OBJC_ISA_USAGE = YES_ERROR;
				CLANG_WARN_DOCUMENTATION_COMMENTS = YES;
				CLANG_WARN_EMPTY_BODY = YES;
				CLANG_WARN_ENUM_CONVERSION = YES;
				CLANG_WARN_INFINITE_RECURSION = YES;
				CLANG_WARN_INT_CONVERSION = YES;
				CLANG_WARN_NON_LITERAL_NULL_CONVERSION = YES;
				CLANG_WARN_OBJC_IMPLICIT_RETAIN_SELF = YES;
				CLANG_WARN_OBJC_LITERAL_CONVERSION = YES;
				CLANG_WARN_OBJC_ROOT_CLASS = YES_ERROR;
				CLANG_WARN_QUOTED_INCLUDE_IN_FRAMEWORK_HEADER = YES;
				CLANG_WARN_RANGE_LOOP_ANALYSIS = YES;
				CLANG_WARN_STRICT_PROTOTYPES = YES;
				CLANG_WARN_SUSPICIOUS_MOVE = YES;
				CLANG_WARN_UNGUARDED_AVAILABILITY = YES_AGGRESSIVE;
				CLANG_WARN_UNREACHABLE_CODE = YES;
				CLANG_WARN__DUPLICATE_METHOD_MATCH = YES;
				COPY_PHASE_STRIP = NO;
				DEBUG_INFORMATION_FORMAT = "dwarf-with-dsym";
				ENABLE_NS_ASSERTIONS = NO;
				ENABLE_STRICT_OBJC_MSGSEND = YES;
				ENABLE_USER_SCRIPT_SANDBOXING = YES;
				GCC_C_LANGUAGE_STANDARD = gnu17;
				GCC_NO_COMMON_BLOCKS = YES;
				GCC_WARN_64_TO_32_BIT_CONVERSION = YES;
				GCC_WARN_ABOUT_RETURN_TYPE = YES_ERROR;
				GCC_WARN_UNDECLARED_SELECTOR = YES;
				GCC_WARN_UNINITIALIZED_AUTOS = YES_AGGRESSIVE;
				GCC_WARN_UNUSED_FUNCTION = YES;
				GCC_WARN_UNUSED_VARIABLE = YES;
				IPHONEOS_DEPLOYMENT_TARGET = 17.5;
				LOCALIZATION_PREFERS_STRING_CATALOGS = YES;
				MTL_ENABLE_DEBUG_INFO = NO;
				MTL_FAST_MATH = YES;
				SDKROOT = iphoneos;
				SWIFT_COMPILATION_MODE = wholemodule;
				VALIDATE_PRODUCT = YES;
			};
			name = Release;
		};
		8375C7352D3E38FF005118AC /* Debug */ = {
			isa = XCBuildConfiguration;
			baseConfigurationReference = A881B907F1A1E76DD2227319 /* Pods-TCA-Concurrency-App.debug.xcconfig */;
			buildSettings = {
				ASSETCATALOG_COMPILER_APPICON_NAME = AppIcon;
				ASSETCATALOG_COMPILER_GLOBAL_ACCENT_COLOR_NAME = AccentColor;
				CODE_SIGN_STYLE = Automatic;
				CURRENT_PROJECT_VERSION = 1;
				DEVELOPMENT_ASSET_PATHS = "\"TCA-Concurrency-App/Preview Content\"";
				DEVELOPMENT_TEAM = L35MVZ453P;
				ENABLE_PREVIEWS = YES;
				GENERATE_INFOPLIST_FILE = YES;
				INFOPLIST_KEY_UIApplicationSceneManifest_Generation = YES;
				INFOPLIST_KEY_UIApplicationSupportsIndirectInputEvents = YES;
				INFOPLIST_KEY_UILaunchScreen_Generation = YES;
				INFOPLIST_KEY_UISupportedInterfaceOrientations_iPad = "UIInterfaceOrientationPortrait UIInterfaceOrientationPortraitUpsideDown UIInterfaceOrientationLandscapeLeft UIInterfaceOrientationLandscapeRight";
				INFOPLIST_KEY_UISupportedInterfaceOrientations_iPhone = "UIInterfaceOrientationPortrait UIInterfaceOrientationLandscapeLeft UIInterfaceOrientationLandscapeRight";
				LD_RUNPATH_SEARCH_PATHS = (
					"$(inherited)",
					"@executable_path/Frameworks",
				);
				MACOSX_DEPLOYMENT_TARGET = 12.4;
				MARKETING_VERSION = 1.0;
				PRODUCT_BUNDLE_IDENTIFIER = "com.kenta-suzuki.TCA-Concurrency-App";
				PRODUCT_NAME = "$(TARGET_NAME)";
				SWIFT_EMIT_LOC_STRINGS = YES;
				SWIFT_VERSION = 5.0;
				TARGETED_DEVICE_FAMILY = "1,2";
			};
			name = Debug;
		};
		8375C7362D3E38FF005118AC /* Release */ = {
			isa = XCBuildConfiguration;
			baseConfigurationReference = 750EEAC6DB66E9A583E3A947 /* Pods-TCA-Concurrency-App.release.xcconfig */;
			buildSettings = {
				ASSETCATALOG_COMPILER_APPICON_NAME = AppIcon;
				ASSETCATALOG_COMPILER_GLOBAL_ACCENT_COLOR_NAME = AccentColor;
				CODE_SIGN_STYLE = Automatic;
				CURRENT_PROJECT_VERSION = 1;
				DEVELOPMENT_ASSET_PATHS = "\"TCA-Concurrency-App/Preview Content\"";
				DEVELOPMENT_TEAM = L35MVZ453P;
				ENABLE_PREVIEWS = YES;
				GENERATE_INFOPLIST_FILE = YES;
				INFOPLIST_KEY_UIApplicationSceneManifest_Generation = YES;
				INFOPLIST_KEY_UIApplicationSupportsIndirectInputEvents = YES;
				INFOPLIST_KEY_UILaunchScreen_Generation = YES;
				INFOPLIST_KEY_UISupportedInterfaceOrientations_iPad = "UIInterfaceOrientationPortrait UIInterfaceOrientationPortraitUpsideDown UIInterfaceOrientationLandscapeLeft UIInterfaceOrientationLandscapeRight";
				INFOPLIST_KEY_UISupportedInterfaceOrientations_iPhone = "UIInterfaceOrientationPortrait UIInterfaceOrientationLandscapeLeft UIInterfaceOrientationLandscapeRight";
				LD_RUNPATH_SEARCH_PATHS = (
					"$(inherited)",
					"@executable_path/Frameworks",
				);
				MACOSX_DEPLOYMENT_TARGET = 12.4;
				MARKETING_VERSION = 1.0;
				PRODUCT_BUNDLE_IDENTIFIER = "com.kenta-suzuki.TCA-Concurrency-App";
				PRODUCT_NAME = "$(TARGET_NAME)";
				SWIFT_EMIT_LOC_STRINGS = YES;
				SWIFT_VERSION = 5.0;
				TARGETED_DEVICE_FAMILY = "1,2";
			};
			name = Release;
		};
/* End XCBuildConfiguration section */

/* Begin XCConfigurationList section */
		8375C7212D3E38FD005118AC /* Build configuration list for PBXProject "TCA-Concurrency-App" */ = {
			isa = XCConfigurationList;
			buildConfigurations = (
				8375C7322D3E38FF005118AC /* Debug */,
				8375C7332D3E38FF005118AC /* Release */,
			);
			defaultConfigurationIsVisible = 0;
			defaultConfigurationName = Release;
		};
		8375C7342D3E38FF005118AC /* Build configuration list for PBXNativeTarget "TCA-Concurrency-App" */ = {
			isa = XCConfigurationList;
			buildConfigurations = (
				8375C7352D3E38FF005118AC /* Debug */,
				8375C7362D3E38FF005118AC /* Release */,
			);
			defaultConfigurationIsVisible = 0;
			defaultConfigurationName = Release;
		};
/* End XCConfigurationList section */

/* Begin XCRemoteSwiftPackageReference section */
		83E9C1592D43D87B00ED2090 /* XCRemoteSwiftPackageReference "swift-composable-architecture" */ = {
			isa = XCRemoteSwiftPackageReference;
			repositoryURL = "https://github.com/pointfreeco/swift-composable-architecture";
			requirement = {
				kind = exactVersion;
				version = 1.17.1;
			};
		};
/* End XCRemoteSwiftPackageReference section */

/* Begin XCSwiftPackageProductDependency section */
		83E9C15A2D43D87B00ED2090 /* ComposableArchitecture */ = {
			isa = XCSwiftPackageProductDependency;
			package = 83E9C1592D43D87B00ED2090 /* XCRemoteSwiftPackageReference "swift-composable-architecture" */;
			productName = ComposableArchitecture;
		};
/* End XCSwiftPackageProductDependency section */
	};
	rootObject = 8375C71E2D3E38FD005118AC /* Project object */;
}
